{
  "name": "miller-gateway",
  "lockfileVersion": 3,
  "requires": true,
  "packages": {
    "": {
      "name": "miller-gateway",
      "dependencies": {
        "@miller/pi-mvp-overlay": "file:vendor/pi-mvp-overlay-0.82.0-a3.tgz",
        "openai": "6.26.0",
        "partial-json": "0.1.7"
      }
    },
    "node_modules/@miller/pi-mvp-overlay": {
      "version": "0.82.0-a3",
      "resolved": "file:vendor/pi-mvp-overlay-0.82.0-a3.tgz",
      "integrity": "sha512-pZbtMDr0DVVuGz2tF+XwjFEN2hUCgYcoqa4nCfbjfz/aoMKT0KWHhmPrjsBkC/Sx7zF4D4YfOpyBj7n2Ve2dFQ==",
      "license": "Apache-2.0",
      "dependencies": {
        "openai": "6.26.0",
        "partial-json": "0.1.7"
      }
    },
    "node_modules/openai": {
      "version": "6.26.0",
      "resolved": "https://registry.npmjs.org/openai/-/openai-6.26.0.tgz",
      "integrity": "sha512-zd23dbWTjiJ6sSAX6s0HrCZi41JwTA1bQVs0wLQPZ2/5o2gxOJA5wh7yOAUgwYybfhDXyhwlpeQf7Mlgx8EOCA==",
      "license": "Apache-2.0",
      "bin": {
        "openai": "bin/cli"
      },
      "peerDependencies": {
        "ws": "^8.18.0",
        "zod": "^3.25 || ^4.0"
      },
      "peerDependenciesMeta": {
        "ws": {
          "optional": true
        },
        "zod": {
          "optional": true
        }
      }
    },
    "node_modules/partial-json": {
      "version": "0.1.7",
      "resolved": "https://registry.npmjs.org/partial-json/-/partial-json-0.1.7.tgz",
      "integrity": "sha512-Njv/59hHaokb/hRUjce3Hdv12wd60MtM9Z5Olmn+nehe0QDAsRtRbJPvJ0Z91TusF0SuZRIvnM+S4l6EIP8leA==",
      "license": "MIT"
    }
  }
}
